// !$*UTF8*$!
{
	archiveVersion = 1;
	classes = {
	};
	objectVersion = 46;
	objects = {

/* Begin PBXBuildFile section */
		FCBCB49714167306003C637A /* main.c in Sources */ = {isa = PBXBuildFile; fileRef = FCBCB49514167306003C637A /* main.c */; };
		FCBCB49B1416737D003C637A /* GLUT.framework in Frameworks */ = {isa = PBXBuildFile; fileRef = FCBCB4991416737D003C637A /* GLUT.framework */; };
		FCBCB49C1416737D003C637A /* OpenGL.framework in Frameworks */ = {isa = PBXBuildFile; fileRef = FCBCB49A1416737D003C637A /* OpenGL.framework */; };
/* End PBXBuildFile section */

/* Begin PBXCopyFilesBuildPhase section */
		FCBCB482141672F2003C637A /* CopyFiles */ = {
			isa = PBXCopyFilesBuildPhase;
			buildActionMask = 2147483647;
			dstPath = /usr/share/man/man1/;
			dstSubfolderSpec = 0;
			files = (
			);
			runOnlyForDeploymentPostprocessing = 1;
		};
/* End PBXCopyFilesBuildPhase section */

/* Begin PBXFileReference section */
		FCBCB484141672F2003C637A /* 01 */ = {isa = PBXFileReference; explicitFileType = "compiled.mach-o.executable"; includeInIndex = 0; path = 01; sourceTree = BUILT_PRODUCTS_DIR; };
		FCBCB49514167306003C637A /* main.c */ = {isa = PBXFileReference; fileEncoding = 4; lastKnownFileType = sourcecode.c.c; path = main.c; sourceTree = "<group>"; };
		FCBCB4991416737D003C637A /* GLUT.framework */ = {isa = PBXFileReference; lastKnownFileType = wrapper.framework; name = GLUT.framework; path = SDKs/MacOSX10.7.sdk/System/Library/Frameworks/GLUT.framework; sourceTree = DEVELOPER_DIR; };
		FCBCB49A1416737D003C637A /* OpenGL.framework */ = {isa = PBXFileReference; lastKnownFileType = wrapper.framework; name = OpenGL.framework; path = SDKs/MacOSX10.7.sdk/System/Library/Frameworks/OpenGL.framework; sourceTree = DEVELOPER_DIR; };
/* End PBXFileReference section */

/* Begin PBXFrameworksBuildPhase section */
		FCBCB481141672F2003C637A /* Frameworks */ = {
			isa = PBXFrameworksBuildPhase;
			buildActionMask = 2147483647;
			files = (
				FCBCB49B1416737D003C637A /* GLUT.framework in Frameworks */,
				FCBCB49C1416737D003C637A /* OpenGL.framework in Frameworks */,
			);
			runOnlyForDeploymentPostprocessing = 0;
		};
/* End PBXFrameworksBuildPhase section */

/* Begin PBXGroup section */
		FCBCB477141672E2003C637A = {
			isa = PBXGroup;
			children = (
				FCBCB4991416737D003C637A /* GLUT.framework */,
				FCBCB49A1416737D003C637A /* OpenGL.framework */,
				FCBCB49414167306003C637A /* src */,
				FCBCB485141672F2003C637A /* Products */,
			);
			sourceTree = "<group>";
		};
		FCBCB485141672F2003C637A /* Products */ = {
			isa = PBXGroup;
			children = (
				FCBCB484141672F2003C637A /* 01 */,
			);
			name = Products;
			sourceTree = "<group>";
		};
		FCBCB49414167306003C637A /* src */ = {
			isa = PBXGroup;
			children = (
				FCBCB49514167306003C637A /* main.c */,
			);
			name = src;
			path = ../src;
			sourceTree = "<group>";
		};
/* End PBXGroup section */

/* Begin PBXNativeTarget section */
		FCBCB483141672F2003C637A /* 01 */ = {
			isa = PBXNativeTarget;
			buildConfigurationList = FCBCB48C141672F2003C637A /* Build configuration list for PBXNativeTarget "01" */;
			buildPhases = (
				FCBCB480141672F2003C637A /* Sources */,
				FCBCB481141672F2003C637A /* Frameworks */,
				FCBCB482141672F2003C637A /* CopyFiles */,
			);
			buildRules = (
			);
			dependencies = (
			);
			name = 01;
			productName = 01;
			productReference = FCBCB484141672F2003C637A /* 01 */;
			productType = "com.apple.product-type.tool";
		};
/* End PBXNativeTarget section */

/* Begin PBXProject section */
		FCBCB479141672E2003C637A /* Project object */ = {
			isa = PBXProject;
			buildConfigurationList = FCBCB47C141672E2003C637A /* Build configuration list for PBXProject "01" */;
			compatibilityVersion = "Xcode 3.2";
			developmentRegion = English;
			hasScannedForEncodings = 0;
			knownRegions = (
				en,
			);
			mainGroup = FCBCB477141672E2003C637A;
			productRefGroup = FCBCB485141672F2003C637A /* Products */;
			projectDirPath = "";
			projectRoot = "";
			targets = (
				FCBCB483141672F2003C637A /* 01 */,
			);
		};
/* End PBXProject section */

/* Begin PBXSourcesBuildPhase section */
		FCBCB480141672F2003C637A /* Sources */ = {
			isa = PBXSourcesBuildPhase;
			buildActionMask = 2147483647;
			files = (
				FCBCB49714167306003C637A /* main.c in Sources */,
			);
			runOnlyForDeploymentPostprocessing = 0;
		};
/* End PBXSourcesBuildPhase section */

/* Begin XCBuildConfiguration section */
		FCBCB47E141672E2003C637A /* Debug */ = {
			isa = XCBuildConfiguration;
			buildSettings = {
			};
			name = Debug;
		};
		FCBCB47F141672E2003C637A /* Release */ = {
			isa = XCBuildConfiguration;
			buildSettings = {
			};
			name = Release;
		};
		FCBCB48D141672F2003C637A /* Debug */ = {
			isa = XCBuildConfiguration;
			buildSettings = {
				ALWAYS_SEARCH_USER_PATHS = NO;
				ARCHS = "$(ARCHS_STANDARD_64_BIT)";
				CLANG_ENABLE_OBJC_ARC = YES;
				COPY_PHASE_STRIP = NO;
				GCC_C_LANGUAGE_STANDARD = gnu99;
				GCC_DYNAMIC_NO_PIC = NO;
				GCC_ENABLE_OBJC_EXCEPTIONS = YES;
				GCC_OPTIMIZATION_LEVEL = 0;
				GCC_PREPROCESSOR_DEFINITIONS = (
					"DEBUG=1",
					"$(inherited)",
				);
				GCC_SYMBOLS_PRIVATE_EXTERN = NO;
				GCC_VERSION = com.apple.compilers.llvm.clang.1_0;
				GCC_WARN_64_TO_32_BIT_CONVERSION = YES;
				GCC_WARN_ABOUT_MISSING_PROTOTYPES = YES;
				GCC_WARN_ABOUT_RETURN_TYPE = YES;
				GCC_WARN_UNUSED_VARIABLE = YES;
				MACOSX_DEPLOYMENT_TARGET = 10.7;
				ONLY_ACTIVE_ARCH = YES;
				PRODUCT_NAME = "$(TARGET_NAME)";
				SDKROOT = macosx;
			};
			name = Debug;
		};
		FCBCB48E141672F2003C637A /* Release */ = {
			isa = XCBuildConfiguration;
			buildSettings = {
				ALWAYS_SEARCH_USER_PATHS = NO;
				ARCHS = "$(ARCHS_STANDARD_64_BIT)";
				CLANG_ENABLE_OBJC_ARC = YES;
				COPY_PHASE_STRIP = YES;
				DEBUG_INFORMATION_FORMAT = "dwarf-with-dsym";
				GCC_C_LANGUAGE_STANDARD = gnu99;
				GCC_ENABLE_OBJC_EXCEPTIONS = YES;
				GCC_VERSION = com.apple.compilers.llvm.clang.1_0;
				GCC_WARN_64_TO_32_BIT_CONVERSION = YES;
				GCC_WARN_ABOUT_MISSING_PROTOTYPES = YES;
				GCC_WARN_ABOUT_RETURN_TYPE = YES;
				GCC_WARN_UNUSED_VARIABLE = YES;
				MACOSX_DEPLOYMENT_TARGET = 10.7;
				PRODUCT_NAME = "$(TARGET_NAME)";
				SDKROOT = macosx;
			};
			name = Release;
		};
/* End XCBuildConfiguration section */

/* Begin XCConfigurationList section */
		FCBCB47C141672E2003C637A /* Build configuration list for PBXProject "01" */ = {
			isa = XCConfigurationList;
			buildConfigurations = (
				FCBCB47E141672E2003C637A /* Debug */,
				FCBCB47F141672E2003C637A /* Release */,
			);
			defaultConfigurationIsVisible = 0;
			defaultConfigurationName = Release;
		};
		FCBCB48C141672F2003C637A /* Build configuration list for PBXNativeTarget "01" */ = {
			isa = XCConfigurationList;
			buildConfigurations = (
				FCBCB48D141672F2003C637A /* Debug */,
				FCBCB48E141672F2003C637A /* Release */,
			);
			defaultConfigurationIsVisible = 0;
			defaultConfigurationName = Release;
		};
/* End XCConfigurationList section */
	};
	rootObject = FCBCB479141672E2003C637A /* Project object */;
}
